// !$*UTF8*$!
{
	archiveVersion = 1;
	classes = {
	};
	objectVersion = 46;
	objects = {

/* Begin PBXBuildFile section */
		234D53BB1AE883B40024DE32 /* AppDelegate.swift in Sources */ = {isa = PBXBuildFile; fileRef = 234D53BA1AE883B40024DE32 /* AppDelegate.swift */; };
		234D53BD1AE883B40024DE32 /* ViewController.swift in Sources */ = {isa = PBXBuildFile; fileRef = 234D53BC1AE883B40024DE32 /* ViewController.swift */; };
		234D53C01AE883B40024DE32 /* Main.storyboard in Resources */ = {isa = PBXBuildFile; fileRef = 234D53BE1AE883B40024DE32 /* Main.storyboard */; };
		234D53C21AE883B40024DE32 /* Images.xcassets in Resources */ = {isa = PBXBuildFile; fileRef = 234D53C11AE883B40024DE32 /* Images.xcassets */; };
		234D53C51AE883B40024DE32 /* LaunchScreen.xib in Resources */ = {isa = PBXBuildFile; fileRef = 234D53C31AE883B40024DE32 /* LaunchScreen.xib */; };
		234D53D11AE883B40024DE32 /* Hello_DataTests.swift in Sources */ = {isa = PBXBuildFile; fileRef = 234D53D01AE883B40024DE32 /* Hello_DataTests.swift */; };
		234D53E01AE885140024DE32 /* AudioToolbox.framework in Frameworks */ = {isa = PBXBuildFile; fileRef = 234D53DF1AE885140024DE32 /* AudioToolbox.framework */; };
		234D53E21AE8851F0024DE32 /* CFNetwork.framework in Frameworks */ = {isa = PBXBuildFile; fileRef = 234D53E11AE8851F0024DE32 /* CFNetwork.framework */; };
		234D53E41AE885250024DE32 /* CoreGraphics.framework in Frameworks */ = {isa = PBXBuildFile; fileRef = 234D53E31AE885250024DE32 /* CoreGraphics.framework */; };
		234D53E61AE8852E0024DE32 /* CoreLocation.framework in Frameworks */ = {isa = PBXBuildFile; fileRef = 234D53E51AE8852E0024DE32 /* CoreLocation.framework */; };
		234D53E81AE885360024DE32 /* MobileCoreServices.framework in Frameworks */ = {isa = PBXBuildFile; fileRef = 234D53E71AE885360024DE32 /* MobileCoreServices.framework */; };
		234D53EA1AE8853F0024DE32 /* QuartzCore.framework in Frameworks */ = {isa = PBXBuildFile; fileRef = 234D53E91AE8853F0024DE32 /* QuartzCore.framework */; };
		234D53EC1AE885520024DE32 /* Security.framework in Frameworks */ = {isa = PBXBuildFile; fileRef = 234D53EB1AE885520024DE32 /* Security.framework */; };
		234D53EE1AE8855A0024DE32 /* StoreKit.framework in Frameworks */ = {isa = PBXBuildFile; fileRef = 234D53ED1AE8855A0024DE32 /* StoreKit.framework */; };
		234D53F01AE885610024DE32 /* SystemConfiguration.framework in Frameworks */ = {isa = PBXBuildFile; fileRef = 234D53EF1AE885610024DE32 /* SystemConfiguration.framework */; };
		234D53F21AE8856B0024DE32 /* libz.dylib in Frameworks */ = {isa = PBXBuildFile; fileRef = 234D53F11AE8856B0024DE32 /* libz.dylib */; };
		234D53F41AE8857D0024DE32 /* libsqlite3.dylib in Frameworks */ = {isa = PBXBuildFile; fileRef = 234D53F31AE8857D0024DE32 /* libsqlite3.dylib */; };
		234D53F91AE88AAF0024DE32 /* BackgroundView.swift in Sources */ = {isa = PBXBuildFile; fileRef = 234D53F81AE88AAF0024DE32 /* BackgroundView.swift */; };
		234D53FB1AE88E290024DE32 /* ViewSettings.swift in Sources */ = {isa = PBXBuildFile; fileRef = 234D53FA1AE88E290024DE32 /* ViewSettings.swift */; };
		234D53FE1AE894000024DE32 /* Bolts.framework in Frameworks */ = {isa = PBXBuildFile; fileRef = 234D53FC1AE894000024DE32 /* Bolts.framework */; };
		234D53FF1AE894000024DE32 /* Parse.framework in Frameworks */ = {isa = PBXBuildFile; fileRef = 234D53FD1AE894000024DE32 /* Parse.framework */; };
		234D54011AE894390024DE32 /* UIColor.swift in Sources */ = {isa = PBXBuildFile; fileRef = 234D54001AE894390024DE32 /* UIColor.swift */; };
		234D54031AE8CED20024DE32 /* ViewNotes.swift in Sources */ = {isa = PBXBuildFile; fileRef = 234D54021AE8CED10024DE32 /* ViewNotes.swift */; };
		234D54051AE8D1170024DE32 /* ViewAddNote.swift in Sources */ = {isa = PBXBuildFile; fileRef = 234D54041AE8D1160024DE32 /* ViewAddNote.swift */; };
/* End PBXBuildFile section */

/* Begin PBXContainerItemProxy section */
		234D53CB1AE883B40024DE32 /* PBXContainerItemProxy */ = {
			isa = PBXContainerItemProxy;
			containerPortal = 234D53AD1AE883B40024DE32 /* Project object */;
			proxyType = 1;
			remoteGlobalIDString = 234D53B41AE883B40024DE32;
			remoteInfo = "Hello Data";
		};
/* End PBXContainerItemProxy section */

/* Begin PBXFileReference section */
		234D53B51AE883B40024DE32 /* Hello Data.app */ = {isa = PBXFileReference; explicitFileType = wrapper.application; includeInIndex = 0; path = "Hello Data.app"; sourceTree = BUILT_PRODUCTS_DIR; };
		234D53B91AE883B40024DE32 /* Info.plist */ = {isa = PBXFileReference; lastKnownFileType = text.plist.xml; path = Info.plist; sourceTree = "<group>"; };
		234D53BA1AE883B40024DE32 /* AppDelegate.swift */ = {isa = PBXFileReference; lastKnownFileType = sourcecode.swift; path = AppDelegate.swift; sourceTree = "<group>"; };
		234D53BC1AE883B40024DE32 /* ViewController.swift */ = {isa = PBXFileReference; lastKnownFileType = sourcecode.swift; path = ViewController.swift; sourceTree = "<group>"; };
		234D53BF1AE883B40024DE32 /* Base */ = {isa = PBXFileReference; lastKnownFileType = file.storyboard; name = Base; path = Base.lproj/Main.storyboard; sourceTree = "<group>"; };
		234D53C11AE883B40024DE32 /* Images.xcassets */ = {isa = PBXFileReference; lastKnownFileType = folder.assetcatalog; path = Images.xcassets; sourceTree = "<group>"; };
		234D53C41AE883B40024DE32 /* Base */ = {isa = PBXFileReference; lastKnownFileType = file.xib; name = Base; path = Base.lproj/LaunchScreen.xib; sourceTree = "<group>"; };
		234D53CA1AE883B40024DE32 /* Hello DataTests.xctest */ = {isa = PBXFileReference; explicitFileType = wrapper.cfbundle; includeInIndex = 0; path = "Hello DataTests.xctest"; sourceTree = BUILT_PRODUCTS_DIR; };
		234D53CF1AE883B40024DE32 /* Info.plist */ = {isa = PBXFileReference; lastKnownFileType = text.plist.xml; path = Info.plist; sourceTree = "<group>"; };
		234D53D01AE883B40024DE32 /* Hello_DataTests.swift */ = {isa = PBXFileReference; lastKnownFileType = sourcecode.swift; path = Hello_DataTests.swift; sourceTree = "<group>"; };
		234D53DF1AE885140024DE32 /* AudioToolbox.framework */ = {isa = PBXFileReference; lastKnownFileType = wrapper.framework; name = AudioToolbox.framework; path = System/Library/Frameworks/AudioToolbox.framework; sourceTree = SDKROOT; };
		234D53E11AE8851F0024DE32 /* CFNetwork.framework */ = {isa = PBXFileReference; lastKnownFileType = wrapper.framework; name = CFNetwork.framework; path = System/Library/Frameworks/CFNetwork.framework; sourceTree = SDKROOT; };
		234D53E31AE885250024DE32 /* CoreGraphics.framework */ = {isa = PBXFileReference; lastKnownFileType = wrapper.framework; name = CoreGraphics.framework; path = System/Library/Frameworks/CoreGraphics.framework; sourceTree = SDKROOT; };
		234D53E51AE8852E0024DE32 /* CoreLocation.framework */ = {isa = PBXFileReference; lastKnownFileType = wrapper.framework; name = CoreLocation.framework; path = System/Library/Frameworks/CoreLocation.framework; sourceTree = SDKROOT; };
		234D53E71AE885360024DE32 /* MobileCoreServices.framework */ = {isa = PBXFileReference; lastKnownFileType = wrapper.framework; name = MobileCoreServices.framework; path = System/Library/Frameworks/MobileCoreServices.framework; sourceTree = SDKROOT; };
		234D53E91AE8853F0024DE32 /* QuartzCore.framework */ = {isa = PBXFileReference; lastKnownFileType = wrapper.framework; name = QuartzCore.framework; path = System/Library/Frameworks/QuartzCore.framework; sourceTree = SDKROOT; };
		234D53EB1AE885520024DE32 /* Security.framework */ = {isa = PBXFileReference; lastKnownFileType = wrapper.framework; name = Security.framework; path = System/Library/Frameworks/Security.framework; sourceTree = SDKROOT; };
		234D53ED1AE8855A0024DE32 /* StoreKit.framework */ = {isa = PBXFileReference; lastKnownFileType = wrapper.framework; name = StoreKit.framework; path = System/Library/Frameworks/StoreKit.framework; sourceTree = SDKROOT; };
		234D53EF1AE885610024DE32 /* SystemConfiguration.framework */ = {isa = PBXFileReference; lastKnownFileType = wrapper.framework; name = SystemConfiguration.framework; path = System/Library/Frameworks/SystemConfiguration.framework; sourceTree = SDKROOT; };
		234D53F11AE8856B0024DE32 /* libz.dylib */ = {isa = PBXFileReference; lastKnownFileType = "compiled.mach-o.dylib"; name = libz.dylib; path = usr/lib/libz.dylib; sourceTree = SDKROOT; };
		234D53F31AE8857D0024DE32 /* libsqlite3.dylib */ = {isa = PBXFileReference; lastKnownFileType = "compiled.mach-o.dylib"; name = libsqlite3.dylib; path = usr/lib/libsqlite3.dylib; sourceTree = SDKROOT; };
		234D53F81AE88AAF0024DE32 /* BackgroundView.swift */ = {isa = PBXFileReference; fileEncoding = 4; lastKnownFileType = sourcecode.swift; path = BackgroundView.swift; sourceTree = "<group>"; };
		234D53FA1AE88E290024DE32 /* ViewSettings.swift */ = {isa = PBXFileReference; fileEncoding = 4; lastKnownFileType = sourcecode.swift; path = ViewSettings.swift; sourceTree = "<group>"; };
		234D53FC1AE894000024DE32 /* Bolts.framework */ = {isa = PBXFileReference; lastKnownFileType = wrapper.framework; path = Bolts.framework; sourceTree = "<group>"; };
		234D53FD1AE894000024DE32 /* Parse.framework */ = {isa = PBXFileReference; lastKnownFileType = wrapper.framework; path = Parse.framework; sourceTree = "<group>"; };
		234D54001AE894390024DE32 /* UIColor.swift */ = {isa = PBXFileReference; fileEncoding = 4; lastKnownFileType = sourcecode.swift; path = UIColor.swift; sourceTree = "<group>"; };
		234D54021AE8CED10024DE32 /* ViewNotes.swift */ = {isa = PBXFileReference; fileEncoding = 4; lastKnownFileType = sourcecode.swift; path = ViewNotes.swift; sourceTree = "<group>"; };
		234D54041AE8D1160024DE32 /* ViewAddNote.swift */ = {isa = PBXFileReference; fileEncoding = 4; lastKnownFileType = sourcecode.swift; path = ViewAddNote.swift; sourceTree = "<group>"; };
/* End PBXFileReference section */

/* Begin PBXFrameworksBuildPhase section */
		234D53B21AE883B40024DE32 /* Frameworks */ = {
			isa = PBXFrameworksBuildPhase;
			buildActionMask = 2147483647;
			files = (
				234D53F41AE8857D0024DE32 /* libsqlite3.dylib in Frameworks */,
				234D53F21AE8856B0024DE32 /* libz.dylib in Frameworks */,
				234D53F01AE885610024DE32 /* SystemConfiguration.framework in Frameworks */,
				234D53FE1AE894000024DE32 /* Bolts.framework in Frameworks */,
				234D53EE1AE8855A0024DE32 /* StoreKit.framework in Frameworks */,
				234D53EC1AE885520024DE32 /* Security.framework in Frameworks */,
				234D53FF1AE894000024DE32 /* Parse.framework in Frameworks */,
				234D53EA1AE8853F0024DE32 /* QuartzCore.framework in Frameworks */,
				234D53E81AE885360024DE32 /* MobileCoreServices.framework in Frameworks */,
				234D53E61AE8852E0024DE32 /* CoreLocation.framework in Frameworks */,
				234D53E41AE885250024DE32 /* CoreGraphics.framework in Frameworks */,
				234D53E21AE8851F0024DE32 /* CFNetwork.framework in Frameworks */,
				234D53E01AE885140024DE32 /* AudioToolbox.framework in Frameworks */,
			);
			runOnlyForDeploymentPostprocessing = 0;
		};
		234D53C71AE883B40024DE32 /* Frameworks */ = {
			isa = PBXFrameworksBuildPhase;
			buildActionMask = 2147483647;
			files = (
			);
			runOnlyForDeploymentPostprocessing = 0;
		};
/* End PBXFrameworksBuildPhase section */

/* Begin PBXGroup section */
		234D53AC1AE883B40024DE32 = {
			isa = PBXGroup;
			children = (
				234D53B71AE883B40024DE32 /* Hello Data */,
				234D53CD1AE883B40024DE32 /* Hello DataTests */,
				234D53B61AE883B40024DE32 /* Products */,
			);
			sourceTree = "<group>";
		};
		234D53B61AE883B40024DE32 /* Products */ = {
			isa = PBXGroup;
			children = (
				234D53B51AE883B40024DE32 /* Hello Data.app */,
				234D53CA1AE883B40024DE32 /* Hello DataTests.xctest */,
			);
			name = Products;
			sourceTree = "<group>";
		};
		234D53B71AE883B40024DE32 /* Hello Data */ = {
			isa = PBXGroup;
			children = (
				234D53BA1AE883B40024DE32 /* AppDelegate.swift */,
				234D53BC1AE883B40024DE32 /* ViewController.swift */,
				234D53BE1AE883B40024DE32 /* Main.storyboard */,
				234D54041AE8D1160024DE32 /* ViewAddNote.swift */,
				234D54021AE8CED10024DE32 /* ViewNotes.swift */,
				234D53FA1AE88E290024DE32 /* ViewSettings.swift */,
				234D53C11AE883B40024DE32 /* Images.xcassets */,
				234D53C31AE883B40024DE32 /* LaunchScreen.xib */,
				234D53F51AE889230024DE32 /* Libraries */,
				234D53DA1AE884CD0024DE32 /* Frameworks */,
				234D53B81AE883B40024DE32 /* Supporting Files */,
			);
			path = "Hello Data";
			sourceTree = "<group>";
		};
		234D53B81AE883B40024DE32 /* Supporting Files */ = {
			isa = PBXGroup;
			children = (
				234D53B91AE883B40024DE32 /* Info.plist */,
			);
			name = "Supporting Files";
			sourceTree = "<group>";
		};
		234D53CD1AE883B40024DE32 /* Hello DataTests */ = {
			isa = PBXGroup;
			children = (
				234D53D01AE883B40024DE32 /* Hello_DataTests.swift */,
				234D53CE1AE883B40024DE32 /* Supporting Files */,
			);
			path = "Hello DataTests";
			sourceTree = "<group>";
		};
		234D53CE1AE883B40024DE32 /* Supporting Files */ = {
			isa = PBXGroup;
			children = (
				234D53CF1AE883B40024DE32 /* Info.plist */,
			);
			name = "Supporting Files";
			sourceTree = "<group>";
		};
		234D53DA1AE884CD0024DE32 /* Frameworks */ = {
			isa = PBXGroup;
			children = (
				234D53FC1AE894000024DE32 /* Bolts.framework */,
				234D53FD1AE894000024DE32 /* Parse.framework */,
				234D53F31AE8857D0024DE32 /* libsqlite3.dylib */,
				234D53F11AE8856B0024DE32 /* libz.dylib */,
				234D53EF1AE885610024DE32 /* SystemConfiguration.framework */,
				234D53ED1AE8855A0024DE32 /* StoreKit.framework */,
				234D53EB1AE885520024DE32 /* Security.framework */,
				234D53E91AE8853F0024DE32 /* QuartzCore.framework */,
				234D53E71AE885360024DE32 /* MobileCoreServices.framework */,
				234D53E51AE8852E0024DE32 /* CoreLocation.framework */,
				234D53E31AE885250024DE32 /* CoreGraphics.framework */,
				234D53E11AE8851F0024DE32 /* CFNetwork.framework */,
				234D53DF1AE885140024DE32 /* AudioToolbox.framework */,
			);
			name = Frameworks;
			sourceTree = "<group>";
		};
		234D53F51AE889230024DE32 /* Libraries */ = {
			isa = PBXGroup;
			children = (
				234D54001AE894390024DE32 /* UIColor.swift */,
				234D53F81AE88AAF0024DE32 /* BackgroundView.swift */,
			);
			name = Libraries;
			sourceTree = "<group>";
		};
/* End PBXGroup section */

/* Begin PBXNativeTarget section */
		234D53B41AE883B40024DE32 /* Hello Data */ = {
			isa = PBXNativeTarget;
			buildConfigurationList = 234D53D41AE883B40024DE32 /* Build configuration list for PBXNativeTarget "Hello Data" */;
			buildPhases = (
				234D53B11AE883B40024DE32 /* Sources */,
				234D53B21AE883B40024DE32 /* Frameworks */,
				234D53B31AE883B40024DE32 /* Resources */,
			);
			buildRules = (
			);
			dependencies = (
			);
			name = "Hello Data";
			productName = "Hello Data";
			productReference = 234D53B51AE883B40024DE32 /* Hello Data.app */;
			productType = "com.apple.product-type.application";
		};
		234D53C91AE883B40024DE32 /* Hello DataTests */ = {
			isa = PBXNativeTarget;
			buildConfigurationList = 234D53D71AE883B40024DE32 /* Build configuration list for PBXNativeTarget "Hello DataTests" */;
			buildPhases = (
				234D53C61AE883B40024DE32 /* Sources */,
				234D53C71AE883B40024DE32 /* Frameworks */,
				234D53C81AE883B40024DE32 /* Resources */,
			);
			buildRules = (
			);
			dependencies = (
				234D53CC1AE883B40024DE32 /* PBXTargetDependency */,
			);
			name = "Hello DataTests";
			productName = "Hello DataTests";
			productReference = 234D53CA1AE883B40024DE32 /* Hello DataTests.xctest */;
			productType = "com.apple.product-type.bundle.unit-test";
		};
/* End PBXNativeTarget section */

/* Begin PBXProject section */
		234D53AD1AE883B40024DE32 /* Project object */ = {
			isa = PBXProject;
			attributes = {
				LastUpgradeCheck = 0630;
				ORGANIZATIONNAME = "Bluer Inc";
				TargetAttributes = {
					234D53B41AE883B40024DE32 = {
						CreatedOnToolsVersion = 6.3.1;
					};
					234D53C91AE883B40024DE32 = {
						CreatedOnToolsVersion = 6.3.1;
						TestTargetID = 234D53B41AE883B40024DE32;
					};
				};
			};
			buildConfigurationList = 234D53B01AE883B40024DE32 /* Build configuration list for PBXProject "Hello Data" */;
			compatibilityVersion = "Xcode 3.2";
			developmentRegion = English;
			hasScannedForEncodings = 0;
			knownRegions = (
				en,
				Base,
			);
			mainGroup = 234D53AC1AE883B40024DE32;
			productRefGroup = 234D53B61AE883B40024DE32 /* Products */;
			projectDirPath = "";
			projectRoot = "";
			targets = (
				234D53B41AE883B40024DE32 /* Hello Data */,
				234D53C91AE883B40024DE32 /* Hello DataTests */,
			);
		};
/* End PBXProject section */

/* Begin PBXResourcesBuildPhase section */
		234D53B31AE883B40024DE32 /* Resources */ = {
			isa = PBXResourcesBuildPhase;
			buildActionMask = 2147483647;
			files = (
				234D53C01AE883B40024DE32 /* Main.storyboard in Resources */,
				234D53C51AE883B40024DE32 /* LaunchScreen.xib in Resources */,
				234D53C21AE883B40024DE32 /* Images.xcassets in Resources */,
			);
			runOnlyForDeploymentPostprocessing = 0;
		};
		234D53C81AE883B40024DE32 /* Resources */ = {
			isa = PBXResourcesBuildPhase;
			buildActionMask = 2147483647;
			files = (
			);
			runOnlyForDeploymentPostprocessing = 0;
		};
/* End PBXResourcesBuildPhase section */

/* Begin PBXSourcesBuildPhase section */
		234D53B11AE883B40024DE32 /* Sources */ = {
			isa = PBXSourcesBuildPhase;
			buildActionMask = 2147483647;
			files = (
				234D53FB1AE88E290024DE32 /* ViewSettings.swift in Sources */,
				234D53BD1AE883B40024DE32 /* ViewController.swift in Sources */,
				234D53BB1AE883B40024DE32 /* AppDelegate.swift in Sources */,
				234D53F91AE88AAF0024DE32 /* BackgroundView.swift in Sources */,
				234D54031AE8CED20024DE32 /* ViewNotes.swift in Sources */,
				234D54051AE8D1170024DE32 /* ViewAddNote.swift in Sources */,
				234D54011AE894390024DE32 /* UIColor.swift in Sources */,
			);
			runOnlyForDeploymentPostprocessing = 0;
		};
		234D53C61AE883B40024DE32 /* Sources */ = {
			isa = PBXSourcesBuildPhase;
			buildActionMask = 2147483647;
			files = (
				234D53D11AE883B40024DE32 /* Hello_DataTests.swift in Sources */,
			);
			runOnlyForDeploymentPostprocessing = 0;
		};
/* End PBXSourcesBuildPhase section */

/* Begin PBXTargetDependency section */
		234D53CC1AE883B40024DE32 /* PBXTargetDependency */ = {
			isa = PBXTargetDependency;
			target = 234D53B41AE883B40024DE32 /* Hello Data */;
			targetProxy = 234D53CB1AE883B40024DE32 /* PBXContainerItemProxy */;
		};
/* End PBXTargetDependency section */

/* Begin PBXVariantGroup section */
		234D53BE1AE883B40024DE32 /* Main.storyboard */ = {
			isa = PBXVariantGroup;
			children = (
				234D53BF1AE883B40024DE32 /* Base */,
			);
			name = Main.storyboard;
			sourceTree = "<group>";
		};
		234D53C31AE883B40024DE32 /* LaunchScreen.xib */ = {
			isa = PBXVariantGroup;
			children = (
				234D53C41AE883B40024DE32 /* Base */,
			);
			name = LaunchScreen.xib;
			sourceTree = "<group>";
		};
/* End PBXVariantGroup section */

/* Begin XCBuildConfiguration section */
		234D53D21AE883B40024DE32 /* Debug */ = {
			isa = XCBuildConfiguration;
			buildSettings = {
				ALWAYS_SEARCH_USER_PATHS = NO;
				CLANG_CXX_LANGUAGE_STANDARD = "gnu++0x";
				CLANG_CXX_LIBRARY = "libc++";
				CLANG_ENABLE_MODULES = YES;
				CLANG_ENABLE_OBJC_ARC = YES;
				CLANG_WARN_BOOL_CONVERSION = YES;
				CLANG_WARN_CONSTANT_CONVERSION = YES;
				CLANG_WARN_DIRECT_OBJC_ISA_USAGE = YES_ERROR;
				CLANG_WARN_EMPTY_BODY = YES;
				CLANG_WARN_ENUM_CONVERSION = YES;
				CLANG_WARN_INT_CONVERSION = YES;
				CLANG_WARN_OBJC_ROOT_CLASS = YES_ERROR;
				CLANG_WARN_UNREACHABLE_CODE = YES;
				CLANG_WARN__DUPLICATE_METHOD_MATCH = YES;
				"CODE_SIGN_IDENTITY[sdk=iphoneos*]" = "iPhone Developer";
				COPY_PHASE_STRIP = NO;
				DEBUG_INFORMATION_FORMAT = "dwarf-with-dsym";
				ENABLE_STRICT_OBJC_MSGSEND = YES;
				GCC_C_LANGUAGE_STANDARD = gnu99;
				GCC_DYNAMIC_NO_PIC = NO;
				GCC_NO_COMMON_BLOCKS = YES;
				GCC_OPTIMIZATION_LEVEL = 0;
				GCC_PREPROCESSOR_DEFINITIONS = (
					"DEBUG=1",
					"$(inherited)",
				);
				GCC_SYMBOLS_PRIVATE_EXTERN = NO;
				GCC_WARN_64_TO_32_BIT_CONVERSION = YES;
				GCC_WARN_ABOUT_RETURN_TYPE = YES_ERROR;
				GCC_WARN_UNDECLARED_SELECTOR = YES;
				GCC_WARN_UNINITIALIZED_AUTOS = YES_AGGRESSIVE;
				GCC_WARN_UNUSED_FUNCTION = YES;
				GCC_WARN_UNUSED_VARIABLE = YES;
				IPHONEOS_DEPLOYMENT_TARGET = 8.3;
				MTL_ENABLE_DEBUG_INFO = YES;
				ONLY_ACTIVE_ARCH = YES;
				SDKROOT = iphoneos;
				SWIFT_OPTIMIZATION_LEVEL = "-Onone";
			};
			name = Debug;
		};
		234D53D31AE883B40024DE32 /* Release */ = {
			isa = XCBuildConfiguration;
			buildSettings = {
				ALWAYS_SEARCH_USER_PATHS = NO;
				CLANG_CXX_LANGUAGE_STANDARD = "gnu++0x";
				CLANG_CXX_LIBRARY = "libc++";
				CLANG_ENABLE_MODULES = YES;
				CLANG_ENABLE_OBJC_ARC = YES;
				CLANG_WARN_BOOL_CONVERSION = YES;
				CLANG_WARN_CONSTANT_CONVERSION = YES;
				CLANG_WARN_DIRECT_OBJC_ISA_USAGE = YES_ERROR;
				CLANG_WARN_EMPTY_BODY = YES;
				CLANG_WARN_ENUM_CONVERSION = YES;
				CLANG_WARN_INT_CONVERSION = YES;
				CLANG_WARN_OBJC_ROOT_CLASS = YES_ERROR;
				CLANG_WARN_UNREACHABLE_CODE = YES;
				CLANG_WARN__DUPLICATE_METHOD_MATCH = YES;
				"CODE_SIGN_IDENTITY[sdk=iphoneos*]" = "iPhone Developer";
				COPY_PHASE_STRIP = NO;
				DEBUG_INFORMATION_FORMAT = "dwarf-with-dsym";
				ENABLE_NS_ASSERTIONS = NO;
				ENABLE_STRICT_OBJC_MSGSEND = YES;
				GCC_C_LANGUAGE_STANDARD = gnu99;
				GCC_NO_COMMON_BLOCKS = YES;
				GCC_WARN_64_TO_32_BIT_CONVERSION = YES;
				GCC_WARN_ABOUT_RETURN_TYPE = YES_ERROR;
				GCC_WARN_UNDECLARED_SELECTOR = YES;
				GCC_WARN_UNINITIALIZED_AUTOS = YES_AGGRESSIVE;
				GCC_WARN_UNUSED_FUNCTION = YES;
				GCC_WARN_UNUSED_VARIABLE = YES;
				IPHONEOS_DEPLOYMENT_TARGET = 8.3;
				MTL_ENABLE_DEBUG_INFO = NO;
				SDKROOT = iphoneos;
				VALIDATE_PRODUCT = YES;
			};
			name = Release;
		};
		234D53D51AE883B40024DE32 /* Debug */ = {
			isa = XCBuildConfiguration;
			buildSettings = {
				ASSETCATALOG_COMPILER_APPICON_NAME = AppIcon;
				FRAMEWORK_SEARCH_PATHS = (
					"$(inherited)",
					"$(PROJECT_DIR)/Hello",
					Data,
					"$(PROJECT_DIR)/Hello",
					Data,
				);
				INFOPLIST_FILE = "Hello Data/Info.plist";
				LD_RUNPATH_SEARCH_PATHS = "$(inherited) @executable_path/Frameworks";
				PRODUCT_NAME = "$(TARGET_NAME)";
			};
			name = Debug;
		};
		234D53D61AE883B40024DE32 /* Release */ = {
			isa = XCBuildConfiguration;
			buildSettings = {
				ASSETCATALOG_COMPILER_APPICON_NAME = AppIcon;
				FRAMEWORK_SEARCH_PATHS = (
					"$(inherited)",
					"$(PROJECT_DIR)/Hello",
					Data,
					"$(PROJECT_DIR)/Hello",
					Data,
				);
				INFOPLIST_FILE = "Hello Data/Info.plist";
				LD_RUNPATH_SEARCH_PATHS = "$(inherited) @executable_path/Frameworks";
				PRODUCT_NAME = "$(TARGET_NAME)";
			};
			name = Release;
		};
		234D53D81AE883B40024DE32 /* Debug */ = {
			isa = XCBuildConfiguration;
			buildSettings = {
				BUNDLE_LOADER = "$(TEST_HOST)";
				FRAMEWORK_SEARCH_PATHS = (
					"$(SDKROOT)/Developer/Library/Frameworks",
					"$(inherited)",
				);
				GCC_PREPROCESSOR_DEFINITIONS = (
					"DEBUG=1",
					"$(inherited)",
				);
				INFOPLIST_FILE = "Hello DataTests/Info.plist";
				LD_RUNPATH_SEARCH_PATHS = "$(inherited) @executable_path/Frameworks @loader_path/Frameworks";
				PRODUCT_NAME = "$(TARGET_NAME)";
				TEST_HOST = "$(BUILT_PRODUCTS_DIR)/Hello Data.app/Hello Data";
			};
			name = Debug;
		};
		234D53D91AE883B40024DE32 /* Release */ = {
			isa = XCBuildConfiguration;
			buildSettings = {
				BUNDLE_LOADER = "$(TEST_HOST)";
				FRAMEWORK_SEARCH_PATHS = (
					"$(SDKROOT)/Developer/Library/Frameworks",
					"$(inherited)",
				);
				INFOPLIST_FILE = "Hello DataTests/Info.plist";
				LD_RUNPATH_SEARCH_PATHS = "$(inherited) @executable_path/Frameworks @loader_path/Frameworks";
				PRODUCT_NAME = "$(TARGET_NAME)";
				TEST_HOST = "$(BUILT_PRODUCTS_DIR)/Hello Data.app/Hello Data";
			};
			name = Release;
		};
/* End XCBuildConfiguration section */

/* Begin XCConfigurationList section */
		234D53B01AE883B40024DE32 /* Build configuration list for PBXProject "Hello Data" */ = {
			isa = XCConfigurationList;
			buildConfigurations = (
				234D53D21AE883B40024DE32 /* Debug */,
				234D53D31AE883B40024DE32 /* Release */,
			);
			defaultConfigurationIsVisible = 0;
			defaultConfigurationName = Release;
		};
		234D53D41AE883B40024DE32 /* Build configuration list for PBXNativeTarget "Hello Data" */ = {
			isa = XCConfigurationList;
			buildConfigurations = (
				234D53D51AE883B40024DE32 /* Debug */,
				234D53D61AE883B40024DE32 /* Release */,
			);
			defaultConfigurationIsVisible = 0;
			defaultConfigurationName = Release;
		};
		234D53D71AE883B40024DE32 /* Build configuration list for PBXNativeTarget "Hello DataTests" */ = {
			isa = XCConfigurationList;
			buildConfigurations = (
				234D53D81AE883B40024DE32 /* Debug */,
				234D53D91AE883B40024DE32 /* Release */,
			);
			defaultConfigurationIsVisible = 0;
			defaultConfigurationName = Release;
		};
/* End XCConfigurationList section */
	};
	rootObject = 234D53AD1AE883B40024DE32 /* Project object */;
}
